
Microsoft Visual Studio Solution File, Format Version 12.00
# Visual Studio 15
VisualStudioVersion = 15.0.27004.2010
MinimumVisualStudioVersion = 10.0.40219.1
Project("{FAE04EC0-301F-11D3-BF4B-00C04F79EFBC}") = "Vidly", "Vidly\Vidly.csproj", "{D5FA9BD1-DF14-4EC2-8B66-128E94FDF332}"
EndProject
Global
	GlobalSection(SolutionConfigurationPlatforms) = preSolution
		Debug|Any CPU = Debug|Any CPU
		Release|Any CPU = Release|Any CPU
	EndGlobalSection
	GlobalSection(ProjectConfigurationPlatforms) = postSolution
		{D5FA9BD1-DF14-4EC2-8B66-128E94FDF332}.Debug|Any CPU.ActiveCfg = Debug|Any CPU
		{D5FA9BD1-DF14-4EC2-8B66-128E94FDF332}.Debug|Any CPU.Build.0 = Debug|Any CPU
		{D5FA9BD1-DF14-4EC2-8B66-128E94FDF332}.Release|Any CPU.ActiveCfg = Release|Any CPU
		{D5FA9BD1-DF14-4EC2-8B66-128E94FDF332}.Release|Any CPU.Build.0 = Release|Any CPU
	EndGlobalSection
	GlobalSection(SolutionProperties) = preSolution
		HideSolutionNode = FALSE
	EndGlobalSection
	GlobalSection(ExtensibilityGlobals) = postSolution
		SolutionGuid = {C3BA5363-D528-465B-8189-7099D13D988B}
	EndGlobalSection
EndGlobal
